
Microsoft Visual Studio Solution File, Format Version 12.00
# Visual Studio Version 16
VisualStudioVersion = 16.0.30204.135
MinimumVisualStudioVersion = 10.0.40219.1
Project("{FAE04EC0-301F-11D3-BF4B-00C04F79EFBC}") = "BookStore", "BookStore\BookStore.csproj", "{93CC2726-7B5E-4B33-97CE-54FC323EE399}"
EndProject
Global
	GlobalSection(SolutionConfigurationPlatforms) = preSolution
		Debug|Any CPU = Debug|Any CPU
		Release|Any CPU = Release|Any CPU
	EndGlobalSection
	GlobalSection(ProjectConfigurationPlatforms) = postSolution
		{93CC2726-7B5E-4B33-97CE-54FC323EE399}.Debug|Any CPU.ActiveCfg = Debug|Any CPU
		{93CC2726-7B5E-4B33-97CE-54FC323EE399}.Debug|Any CPU.Build.0 = Debug|Any CPU
		{93CC2726-7B5E-4B33-97CE-54FC323EE399}.Release|Any CPU.ActiveCfg = Release|Any CPU
		{93CC2726-7B5E-4B33-97CE-54FC323EE399}.Release|Any CPU.Build.0 = Release|Any CPU
	EndGlobalSection
	GlobalSection(SolutionProperties) = preSolution
		HideSolutionNode = FALSE
	EndGlobalSection
	GlobalSection(ExtensibilityGlobals) = postSolution
		SolutionGuid = {C60038A3-8E92-4776-A055-2001D8DF935B}
	EndGlobalSection
EndGlobal
